
Microsoft Visual Studio Solution File, Format Version 12.00
Project("{FAE04EC0-301F-11D3-BF4B-00C04F79EFBC}") = "App", "App\App.csproj", "{AB391A23-2B48-40A5-BCCA-CA776661A24E}"
EndProject
Project("{FAE04EC0-301F-11D3-BF4B-00C04F79EFBC}") = "Lib", "Lib\Lib.csproj", "{F33C4920-55C6-436D-BFE7-436ACC2FA6F1}"
EndProject
Global
	GlobalSection(SolutionConfigurationPlatforms) = preSolution
		Debug|Any CPU = Debug|Any CPU
		Release|Any CPU = Release|Any CPU
	EndGlobalSection
	GlobalSection(ProjectConfigurationPlatforms) = postSolution
		{AB391A23-2B48-40A5-BCCA-CA776661A24E}.Debug|Any CPU.ActiveCfg = Debug|Any CPU
		{AB391A23-2B48-40A5-BCCA-CA776661A24E}.Debug|Any CPU.Build.0 = Debug|Any CPU
		{AB391A23-2B48-40A5-BCCA-CA776661A24E}.Release|Any CPU.ActiveCfg = Release|Any CPU
		{AB391A23-2B48-40A5-BCCA-CA776661A24E}.Release|Any CPU.Build.0 = Release|Any CPU
		{F33C4920-55C6-436D-BFE7-436ACC2FA6F1}.Debug|Any CPU.ActiveCfg = Debug|Any CPU
		{F33C4920-55C6-436D-BFE7-436ACC2FA6F1}.Debug|Any CPU.Build.0 = Debug|Any CPU
		{F33C4920-55C6-436D-BFE7-436ACC2FA6F1}.Release|Any CPU.ActiveCfg = Release|Any CPU
		{F33C4920-55C6-436D-BFE7-436ACC2FA6F1}.Release|Any CPU.Build.0 = Release|Any CPU
	EndGlobalSection
EndGlobal
